hash: 2ee306c2bc0856a853540457ee6b2cf3116f5fb51bd0d168dfa51d3af98cfed7
updated: 2018-01-29T16:18:45.624118084Z
imports:
- name: github.com/ajeddeloh/go-json
  version: 73d058cf8437a1989030afe571eeab9f90eebbbd
- name: github.com/aws/aws-sdk-go
  version: c861d27d0304a79f727e9a8a4e2ac1e74602fdc0
  subpackages:
  - aws
  - aws/awserr
  - aws/awsutil
  - aws/client
  - aws/client/metadata
  - aws/corehandlers
  - aws/credentials
  - aws/credentials/ec2rolecreds
  - aws/credentials/endpointcreds
  - aws/credentials/stscreds
  - aws/defaults
  - aws/ec2metadata
  - aws/endpoints
  - aws/request
  - aws/session
  - aws/signer/v4
  - internal/shareddefaults
  - private/protocol
  - private/protocol/query
  - private/protocol/query/queryutil
  - private/protocol/rest
  - private/protocol/restxml
  - private/protocol/xml/xmlutil
  - service/s3
  - service/s3/s3iface
  - service/s3/s3manager
  - service/sts
- name: github.com/Azure/azure-sdk-for-go
  version: eae258195456be76b2ec9ad2ee2ab63cdda365d9
  subpackages:
  - services/keyvault/2016-10-01/keyvault
- name: github.com/Azure/go-autorest
  version: c2a68353555b68de3ee8455a4fd3e890a0ac6d99
  subpackages:
  - autorest
  - autorest/adal
  - autorest/azure
  - autorest/date
  - autorest/to
  - autorest/validation
- name: github.com/coreos/go-semver
  version: 294930c1e79c64e7dbe360054274fdad492c8cf5
  subpackages:
  - semver
- name: github.com/coreos/go-systemd
  version: 7c9533367ef925dc1078d75e5b7141e10da2c4e8
  subpackages:
  - dbus
  - unit
- name: github.com/dgrijalva/jwt-go
  version: dbeaa9332f19a944acb5736b4456cfcc02140e29
- name: github.com/go-ini/ini
  version: 32e4c1e6bc4e7d0d8451aa6b75200d19e37a536a
- name: github.com/godbus/dbus
  version: a389bdde4dd695d414e47b755e95e72b7826432c
- name: github.com/jmespath/go-jmespath
  version: dd801d4f4ce7ac746e7e7b4489d2fa600b3b096b
- name: github.com/martinjungblut/cryptsetup
  version: b8e02b3798cd1d11c849e79d67ea83e23f86ab05
- name: github.com/pin/tftp
  version: 9ea92f6b1029bc1bf3072bba195c84bb9b0370e3
  subpackages:
  - netascii
- name: github.com/sigma/bdoor
  version: babf2a4017b020d4ce04e8167076186e82645dd1
  repo: https://github.com/sigma/bdoor
- name: github.com/sigma/vmw-guestinfo
  version: 95dd4126d6e8b4ef1970b3f3fe2e8cdd470d2903
  subpackages:
  - rpcvmx
  - vmcheck
- name: github.com/sirupsen/logrus
  version: d682213848ed68c0a260ca37d6dd5ace8423f5ba
- name: github.com/vincent-petithory/dataurl
  version: 9a301d65acbb728fcc3ace14f45f511a4cfeea9c
- name: github.com/vmware/vmw-guestinfo
  version: 25eff159a728be87e103a0b8045e08273f4dbec4
  subpackages:
  - bdoor
  - message
  - rpcout
- name: github.com/vmware/vmw-ovflib
  version: 1f217b9dc714d5f340d0a3cc3e9d49255c536f68
- name: gitlab.com/lucab/coreos-cryptagent
  version: 4140fe5e5f7c6166ad6649fa2ae6616b92de3fa8
  subpackages:
  - pkg/config
  - pkg/providers
- name: go4.org
  version: 03efcb870d84809319ea509714dd6d19a1498483
  subpackages:
  - errorutil
- name: golang.org/x/crypto
  version: 1875d0a70c90e57f11972aefd42276df65e895b9
  repo: https://github.com/golang/crypto.git
  vcs: git
  subpackages:
  - pkcs12
  - ssh/terminal
- name: golang.org/x/net
  version: 075e191f18186a8ff2becaf64478e30f4545cdad
  subpackages:
  - context
  - context/ctxhttp
- name: golang.org/x/sys
  version: ff2a66f350cefa5c93a634eadb5d25bb60c85a9c
  subpackages:
  - unix
  - windows
testImports:
- name: github.com/davecgh/go-spew
  version: 04cdfd42973bb9c8589fd6a731800cf222fde1a9
  subpackages:
  - spew
- name: github.com/pmezard/go-difflib
  version: d8ed2627bdf02c080bf22230dbb337003b7aba2d
  subpackages:
  - difflib
- name: github.com/stretchr/testify
  version: 4d4bfba8f1d1027c4fdbe371823030df51419987
  subpackages:
  - assert
